<?xml version="1.0" encoding="UTF-8" standalone="yes" ?>
<CodeBlocks_project_file>
	<FileVersion major="1" minor="6" />
	<Project>
		<Option title="zoidbergengine" />
		<Option makefile="../Makefile" />
		<Option makefile_is_custom="1" />
		<Option pch_mode="2" />
		<Option compiler="devkitarm" />
		<Option virtualFolders="source/;headers/;" />
		<MakeCommands>
			<Build command="$make -r 2&gt;&amp;1 | sed -e &apos;s/\(.[a-zA-Z]\+\):\([0-9]\+\):/\1(\2):/&apos;" />
			<CompileFile command="$make -r 2&gt;&amp;1 | sed -e &apos;s/\(.[a-zA-Z]\+\):\([0-9]\+\):/\1(\2):/&apos;" />
			<Clean command="$make -f $makefile clean$target" />
			<DistClean command="$make -f $makefile distclean$target" />
		</MakeCommands>
		<Build>
			<Target title="Debug">
				<Option output="bin/Debug/zoidbergengine.nds" prefix_auto="1" extension_auto="0" />
				<Option working_dir="" />
				<Option object_output="obj/Debug/" />
				<Option type="5" />
				<Option compiler="devkitarm" />
				<Compiler>
					<Add option="-g" />
				</Compiler>
				<MakeCommands>
					<Build command="$make -r 2&gt;&amp;1 | sed -e &apos;s/\(.[a-zA-Z]\+\):\([0-9]\+\):/\1(\2):/&apos;" />
					<CompileFile command="$make -r 2&gt;&amp;1 | sed -e &apos;s/\(.[a-zA-Z]\+\):\([0-9]\+\):/\1(\2):/&apos;" />
					<Clean command="$make -f $makefile clean$target" />
					<DistClean command="$make -f $makefile distclean$target" />
				</MakeCommands>
			</Target>
			<Target title="Release">
				<Option output="bin/Release/zoidbergengine.nds" prefix_auto="1" extension_auto="0" />
				<Option working_dir="" />
				<Option object_output="obj/Release/" />
				<Option type="5" />
				<Option compiler="devkitarm" />
				<Compiler>
					<Add option="-O2" />
				</Compiler>
				<Linker>
					<Add option="-s" />
				</Linker>
				<MakeCommands>
					<Build command="$make -r 2&gt;&amp;1 | sed -e &apos;s/\(.[a-zA-Z]\+\):\([0-9]\+\):/\1(\2):/&apos;" />
					<CompileFile command="$make -r 2&gt;&amp;1 | sed -e &apos;s/\(.[a-zA-Z]\+\):\([0-9]\+\):/\1(\2):/&apos;" />
					<Clean command="$make -f $makefile clean$target" />
					<DistClean command="$make -f $makefile distclean$target" />
				</MakeCommands>
			</Target>
			<Environment>
				<Variable name="DEVKITARM" value="$DEVKITPRO/devkitARM" />
				<Variable name="DEVKITPRO" value="/Users/guest/Code/zoidbergengine/devkitpro" />
			</Environment>
		</Build>
		<Compiler>
			<Add option="-Wall" />
		</Compiler>
		<Unit filename="../source/main.c">
			<Option compilerVar="CC" />
			<Option virtualFolder="source/" />
		</Unit>
		<Extensions>
			<code_completion>
				<search_path add="../../../../../guest/Code/zoidbergengine/devkitpro/libnds/include" />
			</code_completion>
			<debugger />
		</Extensions>
	</Project>
</CodeBlocks_project_file>
